{
    "_meta": {
        "hash": {
            "sha256": "20bd33ece2a890a68dbb85037b5751d481c0e5da4ce839baa19436e09d015742"
        },
        "pipfile-spec": 6,
        "requires": {
            "python_full_version": "3.12.3",
            "python_version": "3.12"
        },
        "sources": [
            {
                "name": "pypi",
                "url": "https://pypi.org/simple",
                "verify_ssl": true
            }
        ]
    },
    "default": {
        "click": {
            "hashes": [
                "sha256:ae74fb96c20a0277a1d615f1e4d73c8414f5a98db8b799a7931d1582f3390c28",
                "sha256:ca9853ad459e787e2192211578cc907e7594e294c7ccc834310722b41b9ca6de"
            ],
            "index": "pypi",
            "markers": "python_version >= '3.7'",
            "version": "==8.1.7"
        },
        "greenlet": {
            "hashes": [
                "sha256:00fadb3fedccc447f517ee0d3fd8fe49eae949e1cd0f6a611818f4f6fb7dc83b",
                "sha256:061dc4cf2c34852b052a8620d40f36324554bc192be474b9e9770e8c042fd735",
                "sha256:0db5594dce18db94f7d1650d7489909b57afde4c580806b8d9203b6e79cdc079",
                "sha256:0dca0d95ff849f9a364385f36ab49f50065d76964944638be9691e1832e9f86d",
                "sha256:16458c245a38991aa19676900d48bd1a6f2ce3e16595051a4db9d012154e8433",
                "sha256:18d9260df2b5fbf41ae5139e1be4e796d99655f023a636cd0e11e6406cca7d58",
                "sha256:1987de92fec508535687fb807a5cea1560f6196285a4cde35c100b8cd632cc52",
                "sha256:1a921e542453fe531144e91e1feedf12e07351b1cf6c9e8a3325ea600a715a31",
                "sha256:1ee8fae0519a337f2329cb78bd7a8e128ec0f881073d43f023c7b8d4831d5246",
                "sha256:20fb936b4652b6e307b8f347665e2c615540d4b42b3b4c8a321d8286da7e520f",
                "sha256:23768528f2911bcd7e475210822ffb5254ed10d71f4028387e5a99b4c6699671",
                "sha256:2523e5246274f54fdadbce8494458a2ebdcdbc7b802318466ac5606d3cded1f8",
                "sha256:27890167f55d2387576d1f41d9487ef171849ea0359ce1510ca6e06c8bece11d",
                "sha256:299fd615cd8fc86267b47597123e3f43ad79c9d8a22bebdce535e53550763e2f",
                "sha256:3b3812d8d0c9579967815af437d96623f45c0f2ae5f04e366de62a12d83a8fb0",
                "sha256:3b67ca49f54cede0186854a008109d6ee71f66bd57bb36abd6d0a0267b540cdd",
                "sha256:44358b9bf66c8576a9f57a590d5f5d6e72fa4228b763d0e43fee6d3b06d3a337",
                "sha256:49a30d5fda2507ae77be16479bdb62a660fa51b1eb4928b524975b3bde77b3c0",
                "sha256:4d1378601b85e2e5171b99be8d2dc85f594c79967599328f95c1dc1a40f1c633",
                "sha256:554b03b6e73aaabec3745364d6239e9e012d64c68ccd0b8430c64ccc14939a8b",
                "sha256:55e9c5affaa6775e2c6b67659f3a71684de4c549b3dd9afca3bc773533d284fa",
                "sha256:58b97143c9cc7b86fc458f215bd0932f1757ce649e05b640fea2e79b54cedb31",
                "sha256:5c9320971821a7cb77cfab8d956fa8e39cd07ca44b6070db358ceb7f8797c8c9",
                "sha256:65458b409c1ed459ea899e939f0e1cdb14f58dbc803f2f93c5eab5694d32671b",
                "sha256:671df96c1f23c4a0d4077a325483c1503c96a1b7d9db26592ae770daa41233d4",
                "sha256:710638eb93b1fa52823aa91bf75326f9ecdfd5e0466f00789246a5280f4ba0fc",
                "sha256:73f49b5368b5359d04e18d15828eecc1806033db5233397748f4ca813ff1056c",
                "sha256:81701fd84f26330f0d5f4944d4e92e61afe6319dcd9775e39396e39d7c3e5f98",
                "sha256:8854167e06950ca75b898b104b63cc646573aa5fef1353d4508ecdd1ee76254f",
                "sha256:8c68325b0d0acf8d91dde4e6f930967dd52a5302cd4062932a6b2e7c2969f47c",
                "sha256:94385f101946790ae13da500603491f04a76b6e4c059dab271b3ce2e283b2590",
                "sha256:94abf90142c2a18151632371140b3dba4dee031633fe614cb592dbb6c9e17bc3",
                "sha256:96378df1de302bc38e99c3a9aa311967b7dc80ced1dcc6f171e99842987882a2",
                "sha256:9c40adce87eaa9ddb593ccb0fa6a07caf34015a29bf8d344811665b573138db9",
                "sha256:9fe0a28a7b952a21e2c062cd5756d34354117796c6d9215a87f55e38d15402c5",
                "sha256:a7d4e128405eea3814a12cc2605e0e6aedb4035bf32697f72deca74de4105e02",
                "sha256:abbf57b5a870d30c4675928c37278493044d7c14378350b3aa5d484fa65575f0",
                "sha256:b4a1870c51720687af7fa3e7cda6d08d801dae660f75a76f3845b642b4da6ee1",
                "sha256:b6a7c19cf0d2742d0809a4c05975db036fdff50cd294a93632d6a310bf9ac02c",
                "sha256:b90654e092f928f110e0007f572007c9727b5265f7632c2fa7415b4689351594",
                "sha256:c17b6b34111ea72fc5a4e4beec9711d2226285f0386ea83477cbb97c30a3f3a5",
                "sha256:c2ca18a03a8cfb5b25bc1cbe20f3d9a4c80d8c3b13ba3df49ac3961af0b1018d",
                "sha256:c5111ccdc9c88f423426df3fd1811bfc40ed66264d35aa373420a34377efc98a",
                "sha256:c60a6d84229b271d44b70fb6e5fa23781abb5d742af7b808ae3f6efd7c9c60f6",
                "sha256:c8c9e331e58180d0d83c5b7999255721b725913ff6bc6cf39fa2a45841a4fd4b",
                "sha256:c9913f1a30e4526f432991f89ae263459b1c64d1608c0d22a5c79c287b3c70df",
                "sha256:cd3c8e693bff0fff6ba55f140bf390fa92c994083f838fece0f63be121334945",
                "sha256:d25c5091190f2dc0eaa3f950252122edbbadbb682aa7b1ef2f8af0f8c0afefae",
                "sha256:d2e685ade4dafd447ede19c31277a224a239a0a1a4eca4e6390efedf20260cfb",
                "sha256:d76383238584e9711e20ebe14db6c88ddcedc1829a9ad31a584389463b5aa504",
                "sha256:ddf9164e7a5b08e9d22511526865780a576f19ddd00d62f8a665949327fde8bb",
                "sha256:e37ab26028f12dbb0ff65f29a8d3d44a765c61e729647bf2ddfbbed621726f01",
                "sha256:f10fd42b5ee276335863712fa3da6608e93f70629c631bf77145021600abc23c",
                "sha256:f28588772bb5fb869a8eb331374ec06f24a83a9c25bfa1f38b6993afe9c1e968"
            ],
            "markers": "platform_machine == 'aarch64' or (platform_machine == 'ppc64le' or (platform_machine == 'x86_64' or (platform_machine == 'amd64' or (platform_machine == 'AMD64' or (platform_machine == 'win32' or platform_machine == 'WIN32')))))",
            "version": "==3.2.4"
        },
        "sqlalchemy": {
            "hashes": [
                "sha256:0666031df46b9badba9bed00092a1ffa3aa063a5e68fa244acd9f08070e936d3",
                "sha256:0a8c6aa506893e25a04233bc721c6b6cf844bafd7250535abb56cb6cc1368884",
                "sha256:0e680527245895aba86afbd5bef6c316831c02aa988d1aad83c47ffe92655e74",
                "sha256:14aebfe28b99f24f8a4c1346c48bc3d63705b1f919a24c27471136d2f219f02d",
                "sha256:1e018aba8363adb0599e745af245306cb8c46b9ad0a6fc0a86745b6ff7d940fc",
                "sha256:227135ef1e48165f37590b8bfc44ed7ff4c074bf04dc8d6f8e7f1c14a94aa6ca",
                "sha256:31952bbc527d633b9479f5f81e8b9dfada00b91d6baba021a869095f1a97006d",
                "sha256:3e983fa42164577d073778d06d2cc5d020322425a509a08119bdcee70ad856bf",
                "sha256:42d0b0290a8fb0165ea2c2781ae66e95cca6e27a2fbe1016ff8db3112ac1e846",
                "sha256:42ede90148b73fe4ab4a089f3126b2cfae8cfefc955c8174d697bb46210c8306",
                "sha256:4895a63e2c271ffc7a81ea424b94060f7b3b03b4ea0cd58ab5bb676ed02f4221",
                "sha256:4af79c06825e2836de21439cb2a6ce22b2ca129bad74f359bddd173f39582bf5",
                "sha256:5f94aeb99f43729960638e7468d4688f6efccb837a858b34574e01143cf11f89",
                "sha256:616fe7bcff0a05098f64b4478b78ec2dfa03225c23734d83d6c169eb41a93e55",
                "sha256:62d9e964870ea5ade4bc870ac4004c456efe75fb50404c03c5fd61f8bc669a72",
                "sha256:638c2c0b6b4661a4fd264f6fb804eccd392745c5887f9317feb64bb7cb03b3ea",
                "sha256:63bfc3acc970776036f6d1d0e65faa7473be9f3135d37a463c5eba5efcdb24c8",
                "sha256:6463aa765cf02b9247e38b35853923edbf2f6fd1963df88706bc1d02410a5577",
                "sha256:64ac935a90bc479fee77f9463f298943b0e60005fe5de2aa654d9cdef46c54df",
                "sha256:683ef58ca8eea4747737a1c35c11372ffeb84578d3aab8f3e10b1d13d66f2bc4",
                "sha256:75eefe09e98043cff2fb8af9796e20747ae870c903dc61d41b0c2e55128f958d",
                "sha256:787af80107fb691934a01889ca8f82a44adedbf5ef3d6ad7d0f0b9ac557e0c34",
                "sha256:7c424983ab447dab126c39d3ce3be5bee95700783204a72549c3dceffe0fc8f4",
                "sha256:7e0dc9031baa46ad0dd5a269cb7a92a73284d1309228be1d5935dac8fb3cae24",
                "sha256:87a3d6b53c39cd173990de2f5f4b83431d534a74f0e2f88bd16eabb5667e65c6",
                "sha256:89a01238fcb9a8af118eaad3ffcc5dedaacbd429dc6fdc43fe430d3a941ff965",
                "sha256:9585b646ffb048c0250acc7dad92536591ffe35dba624bb8fd9b471e25212a35",
                "sha256:964971b52daab357d2c0875825e36584d58f536e920f2968df8d581054eada4b",
                "sha256:967c0b71156f793e6662dd839da54f884631755275ed71f1539c95bbada9aaab",
                "sha256:9ca922f305d67605668e93991aaf2c12239c78207bca3b891cd51a4515c72e22",
                "sha256:a86cb7063e2c9fb8e774f77fbf8475516d270a3e989da55fa05d08089d77f8c4",
                "sha256:aeb397de65a0a62f14c257f36a726945a7f7bb60253462e8602d9b97b5cbe204",
                "sha256:b41f5d65b54cdf4934ecede2f41b9c60c9f785620416e8e6c48349ab18643855",
                "sha256:bd45a5b6c68357578263d74daab6ff9439517f87da63442d244f9f23df56138d",
                "sha256:c14eba45983d2f48f7546bb32b47937ee2cafae353646295f0e99f35b14286ab",
                "sha256:c1bda93cbbe4aa2aa0aa8655c5aeda505cd219ff3e8da91d1d329e143e4aff69",
                "sha256:c4722f3bc3c1c2fcc3702dbe0016ba31148dd6efcd2a2fd33c1b4897c6a19693",
                "sha256:c80c38bd2ea35b97cbf7c21aeb129dcbebbf344ee01a7141016ab7b851464f8e",
                "sha256:cabafc7837b6cec61c0e1e5c6d14ef250b675fa9c3060ed8a7e38653bd732ff8",
                "sha256:cc1d21576f958c42d9aec68eba5c1a7d715e5fc07825a629015fe8e3b0657fb0",
                "sha256:d0f7fb0c7527c41fa6fcae2be537ac137f636a41b4c5a4c58914541e2f436b45",
                "sha256:d4041ad05b35f1f4da481f6b811b4af2f29e83af253bf37c3c4582b2c68934ab",
                "sha256:d5578e6863eeb998980c212a39106ea139bdc0b3f73291b96e27c929c90cd8e1",
                "sha256:e3b5036aa326dc2df50cba3c958e29b291a80f604b1afa4c8ce73e78e1c9f01d",
                "sha256:e599a51acf3cc4d31d1a0cf248d8f8d863b6386d2b6782c5074427ebb7803bda",
                "sha256:f3420d00d2cb42432c1d0e44540ae83185ccbbc67a6054dcc8ab5387add6620b",
                "sha256:f48ed89dd11c3c586f45e9eec1e437b355b3b6f6884ea4a4c3111a3358fd0c18",
                "sha256:f508ba8f89e0a5ecdfd3761f82dda2a3d7b678a626967608f4273e0dba8f07ac",
                "sha256:fd54601ef9cc455a0c61e5245f690c8a3ad67ddb03d3b91c361d076def0b4c60"
            ],
            "index": "pypi",
            "markers": "python_version >= '3.7'",
            "version": "==2.0.23"
        },
        "typing-extensions": {
            "hashes": [
                "sha256:0cea48d173cc12fa28ecabc3b837ea3cf6f38c6d1136f85cbaaf598984861466",
                "sha256:f0fa19c6845758ab08074a0cfa8b7aecb71c999ca73d62883bc25cc018c4e548"
            ],
            "markers": "python_version >= '3.9'",
            "version": "==4.15.0"
        }
    },
    "develop": {}
}
